
Microsoft Visual Studio Solution File, Format Version 12.00
# Visual Studio Version 16
VisualStudioVersion = 16.0.29519.87
MinimumVisualStudioVersion = 10.0.40219.1
Project("{9A19103F-16F7-4668-BE54-9A1E7A4F7556}") = "Luminis.AzureStorageBackup", "Luminis.AzureStorageBackup\Luminis.AzureStorageBackup.csproj", "{DAC6C032-AA58-455B-9B26-D1791D32DC90}"
EndProject
Project("{2150E333-8FDC-42A3-9474-1A3956D46DE8}") = "Solution Items", "Solution Items", "{C13F3F26-8A57-40EC-BE34-4AF865BD06CE}"
	ProjectSection(SolutionItems) = preProject
		.editorconfig = .editorconfig
		.gitignore = .gitignore
		azure-pipelines.yml = azure-pipelines.yml
		LICENSE.TXT = LICENSE.TXT
		README.md = README.md
	EndProjectSection
EndProject
Project("{FAE04EC0-301F-11D3-BF4B-00C04F79EFBC}") = "Luminis.AzureStorageBackup.Sample", "Luminis.AzureStorageBackup.Sample\Luminis.AzureStorageBackup.Sample.csproj", "{DC648AF2-674C-49EF-B909-42C799B7395E}"
EndProject
Global
	GlobalSection(SolutionConfigurationPlatforms) = preSolution
		Debug|Any CPU = Debug|Any CPU
		Release|Any CPU = Release|Any CPU
	EndGlobalSection
	GlobalSection(ProjectConfigurationPlatforms) = postSolution
		{DAC6C032-AA58-455B-9B26-D1791D32DC90}.Debug|Any CPU.ActiveCfg = Debug|Any CPU
		{DAC6C032-AA58-455B-9B26-D1791D32DC90}.Debug|Any CPU.Build.0 = Debug|Any CPU
		{DAC6C032-AA58-455B-9B26-D1791D32DC90}.Release|Any CPU.ActiveCfg = Release|Any CPU
		{DAC6C032-AA58-455B-9B26-D1791D32DC90}.Release|Any CPU.Build.0 = Release|Any CPU
		{DC648AF2-674C-49EF-B909-42C799B7395E}.Debug|Any CPU.ActiveCfg = Debug|Any CPU
		{DC648AF2-674C-49EF-B909-42C799B7395E}.Debug|Any CPU.Build.0 = Debug|Any CPU
		{DC648AF2-674C-49EF-B909-42C799B7395E}.Release|Any CPU.ActiveCfg = Release|Any CPU
		{DC648AF2-674C-49EF-B909-42C799B7395E}.Release|Any CPU.Build.0 = Release|Any CPU
	EndGlobalSection
	GlobalSection(SolutionProperties) = preSolution
		HideSolutionNode = FALSE
	EndGlobalSection
	GlobalSection(ExtensibilityGlobals) = postSolution
		SolutionGuid = {4D4B4BB8-940B-4B2E-B9A8-0138AFB413ED}
	EndGlobalSection
EndGlobal
